
Microsoft Visual Studio Solution File, Format Version 12.00
# Visual Studio 15
VisualStudioVersion = 15.0.27130.2024
MinimumVisualStudioVersion = 10.0.40219.1
Project("{FAE04EC0-301F-11D3-BF4B-00C04F79EFBC}") = "NekretnineWeb", "NekretnineWeb\NekretnineWeb.csproj", "{BE3722BC-08ED-4572-83F7-5367AA62FA0D}"
EndProject
Global
	GlobalSection(SolutionConfigurationPlatforms) = preSolution
		Debug|Any CPU = Debug|Any CPU
		Release|Any CPU = Release|Any CPU
	EndGlobalSection
	GlobalSection(ProjectConfigurationPlatforms) = postSolution
		{BE3722BC-08ED-4572-83F7-5367AA62FA0D}.Debug|Any CPU.ActiveCfg = Debug|Any CPU
		{BE3722BC-08ED-4572-83F7-5367AA62FA0D}.Debug|Any CPU.Build.0 = Debug|Any CPU
		{BE3722BC-08ED-4572-83F7-5367AA62FA0D}.Release|Any CPU.ActiveCfg = Release|Any CPU
		{BE3722BC-08ED-4572-83F7-5367AA62FA0D}.Release|Any CPU.Build.0 = Release|Any CPU
	EndGlobalSection
	GlobalSection(SolutionProperties) = preSolution
		HideSolutionNode = FALSE
	EndGlobalSection
	GlobalSection(ExtensibilityGlobals) = postSolution
		SolutionGuid = {2EF36C0D-DE25-4865-923A-C1226C9E7BC2}
	EndGlobalSection
EndGlobal
